
Microsoft Visual Studio Solution File, Format Version 12.00
# Visual Studio 15
VisualStudioVersion = 15.0.26124.0
MinimumVisualStudioVersion = 15.0.26124.0
Project("{2150E333-8FDC-42A3-9474-1A3956D46DE8}") = "src", "src", "{91CBE567-F515-476C-BB3C-B217DE9B3827}"
EndProject
Project("{9A19103F-16F7-4668-BE54-9A1E7A4F7556}") = "dotnet-format", "src\dotnet-format\dotnet-format.csproj", "{77B27D69-F68C-4D1D-B0C5-6E52219345A5}"
EndProject
Project("{2150E333-8FDC-42A3-9474-1A3956D46DE8}") = "test", "test", "{B914FF77-CD81-4E47-9195-0C4100C78471}"
EndProject
Project("{9A19103F-16F7-4668-BE54-9A1E7A4F7556}") = "dotnet-format.Tests", "test\dotnet-format.Tests\dotnet-format.Tests.csproj", "{E40B8F6D-4D7B-47BD-95E7-6FA57255C377}"
EndProject
Project("{2150E333-8FDC-42A3-9474-1A3956D46DE8}") = "samples", "samples", "{43F77505-F2FB-43F7-98F4-FFF7D1C80185}"
EndProject
Project("{9A19103F-16F7-4668-BE54-9A1E7A4F7556}") = "sample", "samples\sample.csproj", "{AB678439-495D-4B81-98B0-BE8891D8F13E}"
EndProject
Global
	GlobalSection(SolutionConfigurationPlatforms) = preSolution
		Debug|Any CPU = Debug|Any CPU
		Release|Any CPU = Release|Any CPU
	EndGlobalSection
	GlobalSection(ProjectConfigurationPlatforms) = postSolution
		{77B27D69-F68C-4D1D-B0C5-6E52219345A5}.Debug|Any CPU.ActiveCfg = Debug|Any CPU
		{77B27D69-F68C-4D1D-B0C5-6E52219345A5}.Debug|Any CPU.Build.0 = Debug|Any CPU
		{77B27D69-F68C-4D1D-B0C5-6E52219345A5}.Release|Any CPU.ActiveCfg = Release|Any CPU
		{77B27D69-F68C-4D1D-B0C5-6E52219345A5}.Release|Any CPU.Build.0 = Release|Any CPU
		{E40B8F6D-4D7B-47BD-95E7-6FA57255C377}.Debug|Any CPU.ActiveCfg = Debug|Any CPU
		{E40B8F6D-4D7B-47BD-95E7-6FA57255C377}.Debug|Any CPU.Build.0 = Debug|Any CPU
		{E40B8F6D-4D7B-47BD-95E7-6FA57255C377}.Release|Any CPU.ActiveCfg = Release|Any CPU
		{E40B8F6D-4D7B-47BD-95E7-6FA57255C377}.Release|Any CPU.Build.0 = Release|Any CPU
		{AB678439-495D-4B81-98B0-BE8891D8F13E}.Debug|Any CPU.ActiveCfg = Debug|Any CPU
		{AB678439-495D-4B81-98B0-BE8891D8F13E}.Debug|Any CPU.Build.0 = Debug|Any CPU
		{AB678439-495D-4B81-98B0-BE8891D8F13E}.Release|Any CPU.ActiveCfg = Release|Any CPU
		{AB678439-495D-4B81-98B0-BE8891D8F13E}.Release|Any CPU.Build.0 = Release|Any CPU
	EndGlobalSection
	GlobalSection(SolutionProperties) = preSolution
		HideSolutionNode = FALSE
	EndGlobalSection
	GlobalSection(NestedProjects) = preSolution
		{77B27D69-F68C-4D1D-B0C5-6E52219345A5} = {91CBE567-F515-476C-BB3C-B217DE9B3827}
		{E40B8F6D-4D7B-47BD-95E7-6FA57255C377} = {B914FF77-CD81-4E47-9195-0C4100C78471}
		{AB678439-495D-4B81-98B0-BE8891D8F13E} = {43F77505-F2FB-43F7-98F4-FFF7D1C80185}
	EndGlobalSection
	GlobalSection(ExtensibilityGlobals) = postSolution
		SolutionGuid = {A36D0D91-C5A3-4E40-A956-4006ABCC4099}
	EndGlobalSection
EndGlobal
